
Microsoft Visual Studio Solution File, Format Version 12.00
# Visual Studio Version 16
VisualStudioVersion = 16.0.29911.84
MinimumVisualStudioVersion = 10.0.40219.1
Project("{8BC9CEB8-8B4A-11D0-8D11-00A0C91BC942}") = "Sudoku", "Sudoku\Sudoku.vcxproj", "{F1ED6F57-AF6B-413A-A418-470E4550A1CE}"
	ProjectSection(ProjectDependencies) = postProject
		{7E39E751-D44F-467A-885B-35227FCD00CC} = {7E39E751-D44F-467A-885B-35227FCD00CC}
	EndProjectSection
EndProject
Project("{F2A71F9B-5D33-465A-A702-920D77279786}") = "FSharpFuncUtil", "FSharpFuncUtil\FSharpFuncUtil.fsproj", "{7E39E751-D44F-467A-885B-35227FCD00CC}"
EndProject
Project("{8BC9CEB8-8B4A-11D0-8D11-00A0C91BC942}") = "UnitTest", "UnitTest\UnitTest.vcxproj", "{ACA56DA8-A84C-4B3C-A702-0BC0171F7321}"
	ProjectSection(ProjectDependencies) = postProject
		{F1ED6F57-AF6B-413A-A418-470E4550A1CE} = {F1ED6F57-AF6B-413A-A418-470E4550A1CE}
	EndProjectSection
EndProject
Project("{8BC9CEB8-8B4A-11D0-8D11-00A0C91BC942}") = "Luch", "Luch\Luch.vcxproj", "{2CD61E1D-4852-4E37-B540-568D0DDD4E6E}"
	ProjectSection(ProjectDependencies) = postProject
		{F1ED6F57-AF6B-413A-A418-470E4550A1CE} = {F1ED6F57-AF6B-413A-A418-470E4550A1CE}
	EndProjectSection
EndProject
Global
	GlobalSection(SolutionConfigurationPlatforms) = preSolution
		Debug|Any CPU = Debug|Any CPU
		Debug|ARM = Debug|ARM
		Debug|ARM64 = Debug|ARM64
		Debug|x64 = Debug|x64
		Debug|x86 = Debug|x86
		Release|Any CPU = Release|Any CPU
		Release|ARM = Release|ARM
		Release|ARM64 = Release|ARM64
		Release|x64 = Release|x64
		Release|x86 = Release|x86
	EndGlobalSection
	GlobalSection(ProjectConfigurationPlatforms) = postSolution
		{F1ED6F57-AF6B-413A-A418-470E4550A1CE}.Debug|Any CPU.ActiveCfg = Debug|Win32
		{F1ED6F57-AF6B-413A-A418-470E4550A1CE}.Debug|ARM.ActiveCfg = Debug|Win32
		{F1ED6F57-AF6B-413A-A418-470E4550A1CE}.Debug|ARM64.ActiveCfg = Debug|Win32
		{F1ED6F57-AF6B-413A-A418-470E4550A1CE}.Debug|x64.ActiveCfg = Debug|x64
		{F1ED6F57-AF6B-413A-A418-470E4550A1CE}.Debug|x64.Build.0 = Debug|x64
		{F1ED6F57-AF6B-413A-A418-470E4550A1CE}.Debug|x86.ActiveCfg = Debug|Win32
		{F1ED6F57-AF6B-413A-A418-470E4550A1CE}.Debug|x86.Build.0 = Debug|Win32
		{F1ED6F57-AF6B-413A-A418-470E4550A1CE}.Release|Any CPU.ActiveCfg = Release|Win32
		{F1ED6F57-AF6B-413A-A418-470E4550A1CE}.Release|ARM.ActiveCfg = Release|Win32
		{F1ED6F57-AF6B-413A-A418-470E4550A1CE}.Release|ARM64.ActiveCfg = Release|Win32
		{F1ED6F57-AF6B-413A-A418-470E4550A1CE}.Release|x64.ActiveCfg = Release|x64
		{F1ED6F57-AF6B-413A-A418-470E4550A1CE}.Release|x64.Build.0 = Release|x64
		{F1ED6F57-AF6B-413A-A418-470E4550A1CE}.Release|x86.ActiveCfg = Release|Win32
		{F1ED6F57-AF6B-413A-A418-470E4550A1CE}.Release|x86.Build.0 = Release|Win32
		{7E39E751-D44F-467A-885B-35227FCD00CC}.Debug|Any CPU.ActiveCfg = Debug|Any CPU
		{7E39E751-D44F-467A-885B-35227FCD00CC}.Debug|Any CPU.Build.0 = Debug|Any CPU
		{7E39E751-D44F-467A-885B-35227FCD00CC}.Debug|ARM.ActiveCfg = Debug|Any CPU
		{7E39E751-D44F-467A-885B-35227FCD00CC}.Debug|ARM.Build.0 = Debug|Any CPU
		{7E39E751-D44F-467A-885B-35227FCD00CC}.Debug|ARM64.ActiveCfg = Debug|Any CPU
		{7E39E751-D44F-467A-885B-35227FCD00CC}.Debug|ARM64.Build.0 = Debug|Any CPU
		{7E39E751-D44F-467A-885B-35227FCD00CC}.Debug|x64.ActiveCfg = Debug|Any CPU
		{7E39E751-D44F-467A-885B-35227FCD00CC}.Debug|x64.Build.0 = Debug|Any CPU
		{7E39E751-D44F-467A-885B-35227FCD00CC}.Debug|x86.ActiveCfg = Debug|Any CPU
		{7E39E751-D44F-467A-885B-35227FCD00CC}.Debug|x86.Build.0 = Debug|Any CPU
		{7E39E751-D44F-467A-885B-35227FCD00CC}.Release|Any CPU.ActiveCfg = Release|Any CPU
		{7E39E751-D44F-467A-885B-35227FCD00CC}.Release|Any CPU.Build.0 = Release|Any CPU
		{7E39E751-D44F-467A-885B-35227FCD00CC}.Release|ARM.ActiveCfg = Release|Any CPU
		{7E39E751-D44F-467A-885B-35227FCD00CC}.Release|ARM.Build.0 = Release|Any CPU
		{7E39E751-D44F-467A-885B-35227FCD00CC}.Release|ARM64.ActiveCfg = Release|Any CPU
		{7E39E751-D44F-467A-885B-35227FCD00CC}.Release|ARM64.Build.0 = Release|Any CPU
		{7E39E751-D44F-467A-885B-35227FCD00CC}.Release|x64.ActiveCfg = Release|Any CPU
		{7E39E751-D44F-467A-885B-35227FCD00CC}.Release|x64.Build.0 = Release|Any CPU
		{7E39E751-D44F-467A-885B-35227FCD00CC}.Release|x86.ActiveCfg = Release|Any CPU
		{7E39E751-D44F-467A-885B-35227FCD00CC}.Release|x86.Build.0 = Release|Any CPU
		{ACA56DA8-A84C-4B3C-A702-0BC0171F7321}.Debug|Any CPU.ActiveCfg = Debug|Win32
		{ACA56DA8-A84C-4B3C-A702-0BC0171F7321}.Debug|ARM.ActiveCfg = Debug|Win32
		{ACA56DA8-A84C-4B3C-A702-0BC0171F7321}.Debug|ARM64.ActiveCfg = Debug|Win32
		{ACA56DA8-A84C-4B3C-A702-0BC0171F7321}.Debug|x64.ActiveCfg = Debug|x64
		{ACA56DA8-A84C-4B3C-A702-0BC0171F7321}.Debug|x64.Build.0 = Debug|x64
		{ACA56DA8-A84C-4B3C-A702-0BC0171F7321}.Debug|x86.ActiveCfg = Debug|Win32
		{ACA56DA8-A84C-4B3C-A702-0BC0171F7321}.Debug|x86.Build.0 = Debug|Win32
		{ACA56DA8-A84C-4B3C-A702-0BC0171F7321}.Release|Any CPU.ActiveCfg = Release|Win32
		{ACA56DA8-A84C-4B3C-A702-0BC0171F7321}.Release|ARM.ActiveCfg = Release|Win32
		{ACA56DA8-A84C-4B3C-A702-0BC0171F7321}.Release|ARM64.ActiveCfg = Release|Win32
		{ACA56DA8-A84C-4B3C-A702-0BC0171F7321}.Release|x64.ActiveCfg = Release|x64
		{ACA56DA8-A84C-4B3C-A702-0BC0171F7321}.Release|x64.Build.0 = Release|x64
		{ACA56DA8-A84C-4B3C-A702-0BC0171F7321}.Release|x86.ActiveCfg = Release|Win32
		{ACA56DA8-A84C-4B3C-A702-0BC0171F7321}.Release|x86.Build.0 = Release|Win32
		{2CD61E1D-4852-4E37-B540-568D0DDD4E6E}.Debug|Any CPU.ActiveCfg = Debug|Win32
		{2CD61E1D-4852-4E37-B540-568D0DDD4E6E}.Debug|ARM.ActiveCfg = Debug|Win32
		{2CD61E1D-4852-4E37-B540-568D0DDD4E6E}.Debug|ARM64.ActiveCfg = Debug|Win32
		{2CD61E1D-4852-4E37-B540-568D0DDD4E6E}.Debug|x64.ActiveCfg = Debug|x64
		{2CD61E1D-4852-4E37-B540-568D0DDD4E6E}.Debug|x64.Build.0 = Debug|x64
		{2CD61E1D-4852-4E37-B540-568D0DDD4E6E}.Debug|x86.ActiveCfg = Debug|Win32
		{2CD61E1D-4852-4E37-B540-568D0DDD4E6E}.Debug|x86.Build.0 = Debug|Win32
		{2CD61E1D-4852-4E37-B540-568D0DDD4E6E}.Release|Any CPU.ActiveCfg = Release|Win32
		{2CD61E1D-4852-4E37-B540-568D0DDD4E6E}.Release|ARM.ActiveCfg = Release|Win32
		{2CD61E1D-4852-4E37-B540-568D0DDD4E6E}.Release|ARM64.ActiveCfg = Release|Win32
		{2CD61E1D-4852-4E37-B540-568D0DDD4E6E}.Release|x64.ActiveCfg = Release|x64
		{2CD61E1D-4852-4E37-B540-568D0DDD4E6E}.Release|x64.Build.0 = Release|x64
		{2CD61E1D-4852-4E37-B540-568D0DDD4E6E}.Release|x86.ActiveCfg = Release|Win32
		{2CD61E1D-4852-4E37-B540-568D0DDD4E6E}.Release|x86.Build.0 = Release|Win32
	EndGlobalSection
	GlobalSection(SolutionProperties) = preSolution
		HideSolutionNode = FALSE
	EndGlobalSection
	GlobalSection(ExtensibilityGlobals) = postSolution
		SolutionGuid = {217F7082-E864-43BE-9867-C7B5F17553F0}
	EndGlobalSection
EndGlobal
